// !$*UTF8*$!
{
	archiveVersion = 1;
	classes = {
	};
	objectVersion = 46;
	objects = {

/* Begin PBXBuildFile section */
		2AE1CAEE1B0395EC0097DF99 /* AppDelegate.m in Sources */ = {isa = PBXBuildFile; fileRef = 2AE1CAED1B0395EC0097DF99 /* AppDelegate.m */; };
		2AE1CAF01B0395EC0097DF99 /* main.m in Sources */ = {isa = PBXBuildFile; fileRef = 2AE1CAEF1B0395EC0097DF99 /* main.m */; };
		2AE1CAF31B0395EC0097DF99 /* ViewController.m in Sources */ = {isa = PBXBuildFile; fileRef = 2AE1CAF21B0395EC0097DF99 /* ViewController.m */; };
		2AE1CAF61B0395EC0097DF99 /* ToDoEr.xcdatamodeld in Sources */ = {isa = PBXBuildFile; fileRef = 2AE1CAF41B0395EC0097DF99 /* ToDoEr.xcdatamodeld */; };
		2AE1CAF81B0395EC0097DF99 /* Images.xcassets in Resources */ = {isa = PBXBuildFile; fileRef = 2AE1CAF71B0395EC0097DF99 /* Images.xcassets */; };
		2AE1CAFB1B0395EC0097DF99 /* Main.storyboard in Resources */ = {isa = PBXBuildFile; fileRef = 2AE1CAF91B0395EC0097DF99 /* Main.storyboard */; };
		2AE1CB071B0395EC0097DF99 /* ToDoErTests.m in Sources */ = {isa = PBXBuildFile; fileRef = 2AE1CB061B0395EC0097DF99 /* ToDoErTests.m */; };
/* End PBXBuildFile section */

/* Begin PBXContainerItemProxy section */
		2AE1CB011B0395EC0097DF99 /* PBXContainerItemProxy */ = {
			isa = PBXContainerItemProxy;
			containerPortal = 2AE1CADF1B0395EC0097DF99 /* Project object */;
			proxyType = 1;
			remoteGlobalIDString = 2AE1CAE61B0395EC0097DF99;
			remoteInfo = ToDoEr;
		};
/* End PBXContainerItemProxy section */

/* Begin PBXFileReference section */
		2AE1CAE71B0395EC0097DF99 /* ToDoEr.app */ = {isa = PBXFileReference; explicitFileType = wrapper.application; includeInIndex = 0; path = ToDoEr.app; sourceTree = BUILT_PRODUCTS_DIR; };
		2AE1CAEB1B0395EC0097DF99 /* Info.plist */ = {isa = PBXFileReference; lastKnownFileType = text.plist.xml; path = Info.plist; sourceTree = "<group>"; };
		2AE1CAEC1B0395EC0097DF99 /* AppDelegate.h */ = {isa = PBXFileReference; lastKnownFileType = sourcecode.c.h; path = AppDelegate.h; sourceTree = "<group>"; };
		2AE1CAED1B0395EC0097DF99 /* AppDelegate.m */ = {isa = PBXFileReference; lastKnownFileType = sourcecode.c.objc; path = AppDelegate.m; sourceTree = "<group>"; };
		2AE1CAEF1B0395EC0097DF99 /* main.m */ = {isa = PBXFileReference; lastKnownFileType = sourcecode.c.objc; path = main.m; sourceTree = "<group>"; };
		2AE1CAF11B0395EC0097DF99 /* ViewController.h */ = {isa = PBXFileReference; lastKnownFileType = sourcecode.c.h; path = ViewController.h; sourceTree = "<group>"; };
		2AE1CAF21B0395EC0097DF99 /* ViewController.m */ = {isa = PBXFileReference; lastKnownFileType = sourcecode.c.objc; path = ViewController.m; sourceTree = "<group>"; };
		2AE1CAF51B0395EC0097DF99 /* ToDoEr.xcdatamodel */ = {isa = PBXFileReference; lastKnownFileType = wrapper.xcdatamodel; path = ToDoEr.xcdatamodel; sourceTree = "<group>"; };
		2AE1CAF71B0395EC0097DF99 /* Images.xcassets */ = {isa = PBXFileReference; lastKnownFileType = folder.assetcatalog; path = Images.xcassets; sourceTree = "<group>"; };
		2AE1CAFA1B0395EC0097DF99 /* Base */ = {isa = PBXFileReference; lastKnownFileType = file.storyboard; name = Base; path = Base.lproj/Main.storyboard; sourceTree = "<group>"; };
		2AE1CB001B0395EC0097DF99 /* ToDoErTests.xctest */ = {isa = PBXFileReference; explicitFileType = wrapper.cfbundle; includeInIndex = 0; path = ToDoErTests.xctest; sourceTree = BUILT_PRODUCTS_DIR; };
		2AE1CB051B0395EC0097DF99 /* Info.plist */ = {isa = PBXFileReference; lastKnownFileType = text.plist.xml; path = Info.plist; sourceTree = "<group>"; };
		2AE1CB061B0395EC0097DF99 /* ToDoErTests.m */ = {isa = PBXFileReference; lastKnownFileType = sourcecode.c.objc; path = ToDoErTests.m; sourceTree = "<group>"; };
/* End PBXFileReference section */

/* Begin PBXFrameworksBuildPhase section */
		2AE1CAE41B0395EC0097DF99 /* Frameworks */ = {
			isa = PBXFrameworksBuildPhase;
			buildActionMask = 2147483647;
			files = (
			);
			runOnlyForDeploymentPostprocessing = 0;
		};
		2AE1CAFD1B0395EC0097DF99 /* Frameworks */ = {
			isa = PBXFrameworksBuildPhase;
			buildActionMask = 2147483647;
			files = (
			);
			runOnlyForDeploymentPostprocessing = 0;
		};
/* End PBXFrameworksBuildPhase section */

/* Begin PBXGroup section */
		2AE1CADE1B0395EC0097DF99 = {
			isa = PBXGroup;
			children = (
				2AE1CAE91B0395EC0097DF99 /* ToDoEr */,
				2AE1CB031B0395EC0097DF99 /* ToDoErTests */,
				2AE1CAE81B0395EC0097DF99 /* Products */,
			);
			sourceTree = "<group>";
		};
		2AE1CAE81B0395EC0097DF99 /* Products */ = {
			isa = PBXGroup;
			children = (
				2AE1CAE71B0395EC0097DF99 /* ToDoEr.app */,
				2AE1CB001B0395EC0097DF99 /* ToDoErTests.xctest */,
			);
			name = Products;
			sourceTree = "<group>";
		};
		2AE1CAE91B0395EC0097DF99 /* ToDoEr */ = {
			isa = PBXGroup;
			children = (
				2AE1CAEC1B0395EC0097DF99 /* AppDelegate.h */,
				2AE1CAED1B0395EC0097DF99 /* AppDelegate.m */,
				2AE1CAF11B0395EC0097DF99 /* ViewController.h */,
				2AE1CAF21B0395EC0097DF99 /* ViewController.m */,
				2AE1CAF71B0395EC0097DF99 /* Images.xcassets */,
				2AE1CAF91B0395EC0097DF99 /* Main.storyboard */,
				2AE1CAF41B0395EC0097DF99 /* ToDoEr.xcdatamodeld */,
				2AE1CAEA1B0395EC0097DF99 /* Supporting Files */,
			);
			path = ToDoEr;
			sourceTree = "<group>";
		};
		2AE1CAEA1B0395EC0097DF99 /* Supporting Files */ = {
			isa = PBXGroup;
			children = (
				2AE1CAEB1B0395EC0097DF99 /* Info.plist */,
				2AE1CAEF1B0395EC0097DF99 /* main.m */,
			);
			name = "Supporting Files";
			sourceTree = "<group>";
		};
		2AE1CB031B0395EC0097DF99 /* ToDoErTests */ = {
			isa = PBXGroup;
			children = (
				2AE1CB061B0395EC0097DF99 /* ToDoErTests.m */,
				2AE1CB041B0395EC0097DF99 /* Supporting Files */,
			);
			path = ToDoErTests;
			sourceTree = "<group>";
		};
		2AE1CB041B0395EC0097DF99 /* Supporting Files */ = {
			isa = PBXGroup;
			children = (
				2AE1CB051B0395EC0097DF99 /* Info.plist */,
			);
			name = "Supporting Files";
			sourceTree = "<group>";
		};
/* End PBXGroup section */

/* Begin PBXNativeTarget section */
		2AE1CAE61B0395EC0097DF99 /* ToDoEr */ = {
			isa = PBXNativeTarget;
			buildConfigurationList = 2AE1CB0A1B0395EC0097DF99 /* Build configuration list for PBXNativeTarget "ToDoEr" */;
			buildPhases = (
				2AE1CAE31B0395EC0097DF99 /* Sources */,
				2AE1CAE41B0395EC0097DF99 /* Frameworks */,
				2AE1CAE51B0395EC0097DF99 /* Resources */,
			);
			buildRules = (
			);
			dependencies = (
			);
			name = ToDoEr;
			productName = ToDoEr;
			productReference = 2AE1CAE71B0395EC0097DF99 /* ToDoEr.app */;
			productType = "com.apple.product-type.application";
		};
		2AE1CAFF1B0395EC0097DF99 /* ToDoErTests */ = {
			isa = PBXNativeTarget;
			buildConfigurationList = 2AE1CB0D1B0395EC0097DF99 /* Build configuration list for PBXNativeTarget "ToDoErTests" */;
			buildPhases = (
				2AE1CAFC1B0395EC0097DF99 /* Sources */,
				2AE1CAFD1B0395EC0097DF99 /* Frameworks */,
				2AE1CAFE1B0395EC0097DF99 /* Resources */,
			);
			buildRules = (
			);
			dependencies = (
				2AE1CB021B0395EC0097DF99 /* PBXTargetDependency */,
			);
			name = ToDoErTests;
			productName = ToDoErTests;
			productReference = 2AE1CB001B0395EC0097DF99 /* ToDoErTests.xctest */;
			productType = "com.apple.product-type.bundle.unit-test";
		};
/* End PBXNativeTarget section */

/* Begin PBXProject section */
		2AE1CADF1B0395EC0097DF99 /* Project object */ = {
			isa = PBXProject;
			attributes = {
				LastUpgradeCheck = 0630;
				ORGANIZATIONNAME = "Kai Waelti";
				TargetAttributes = {
					2AE1CAE61B0395EC0097DF99 = {
						CreatedOnToolsVersion = 6.3.1;
					};
					2AE1CAFF1B0395EC0097DF99 = {
						CreatedOnToolsVersion = 6.3.1;
						TestTargetID = 2AE1CAE61B0395EC0097DF99;
					};
				};
			};
			buildConfigurationList = 2AE1CAE21B0395EC0097DF99 /* Build configuration list for PBXProject "ToDoEr" */;
			compatibilityVersion = "Xcode 3.2";
			developmentRegion = English;
			hasScannedForEncodings = 0;
			knownRegions = (
				en,
				Base,
			);
			mainGroup = 2AE1CADE1B0395EC0097DF99;
			productRefGroup = 2AE1CAE81B0395EC0097DF99 /* Products */;
			projectDirPath = "";
			projectRoot = "";
			targets = (
				2AE1CAE61B0395EC0097DF99 /* ToDoEr */,
				2AE1CAFF1B0395EC0097DF99 /* ToDoErTests */,
			);
		};
/* End PBXProject section */

/* Begin PBXResourcesBuildPhase section */
		2AE1CAE51B0395EC0097DF99 /* Resources */ = {
			isa = PBXResourcesBuildPhase;
			buildActionMask = 2147483647;
			files = (
				2AE1CAF81B0395EC0097DF99 /* Images.xcassets in Resources */,
				2AE1CAFB1B0395EC0097DF99 /* Main.storyboard in Resources */,
			);
			runOnlyForDeploymentPostprocessing = 0;
		};
		2AE1CAFE1B0395EC0097DF99 /* Resources */ = {
			isa = PBXResourcesBuildPhase;
			buildActionMask = 2147483647;
			files = (
			);
			runOnlyForDeploymentPostprocessing = 0;
		};
/* End PBXResourcesBuildPhase section */

/* Begin PBXSourcesBuildPhase section */
		2AE1CAE31B0395EC0097DF99 /* Sources */ = {
			isa = PBXSourcesBuildPhase;
			buildActionMask = 2147483647;
			files = (
				2AE1CAF61B0395EC0097DF99 /* ToDoEr.xcdatamodeld in Sources */,
				2AE1CAF31B0395EC0097DF99 /* ViewController.m in Sources */,
				2AE1CAF01B0395EC0097DF99 /* main.m in Sources */,
				2AE1CAEE1B0395EC0097DF99 /* AppDelegate.m in Sources */,
			);
			runOnlyForDeploymentPostprocessing = 0;
		};
		2AE1CAFC1B0395EC0097DF99 /* Sources */ = {
			isa = PBXSourcesBuildPhase;
			buildActionMask = 2147483647;
			files = (
				2AE1CB071B0395EC0097DF99 /* ToDoErTests.m in Sources */,
			);
			runOnlyForDeploymentPostprocessing = 0;
		};
/* End PBXSourcesBuildPhase section */

/* Begin PBXTargetDependency section */
		2AE1CB021B0395EC0097DF99 /* PBXTargetDependency */ = {
			isa = PBXTargetDependency;
			target = 2AE1CAE61B0395EC0097DF99 /* ToDoEr */;
			targetProxy = 2AE1CB011B0395EC0097DF99 /* PBXContainerItemProxy */;
		};
/* End PBXTargetDependency section */

/* Begin PBXVariantGroup section */
		2AE1CAF91B0395EC0097DF99 /* Main.storyboard */ = {
			isa = PBXVariantGroup;
			children = (
				2AE1CAFA1B0395EC0097DF99 /* Base */,
			);
			name = Main.storyboard;
			sourceTree = "<group>";
		};
/* End PBXVariantGroup section */

/* Begin XCBuildConfiguration section */
		2AE1CB081B0395EC0097DF99 /* Debug */ = {
			isa = XCBuildConfiguration;
			buildSettings = {
				ALWAYS_SEARCH_USER_PATHS = NO;
				CLANG_CXX_LANGUAGE_STANDARD = "gnu++0x";
				CLANG_CXX_LIBRARY = "libc++";
				CLANG_ENABLE_MODULES = YES;
				CLANG_ENABLE_OBJC_ARC = YES;
				CLANG_WARN_BOOL_CONVERSION = YES;
				CLANG_WARN_CONSTANT_CONVERSION = YES;
				CLANG_WARN_DIRECT_OBJC_ISA_USAGE = YES_ERROR;
				CLANG_WARN_EMPTY_BODY = YES;
				CLANG_WARN_ENUM_CONVERSION = YES;
				CLANG_WARN_INT_CONVERSION = YES;
				CLANG_WARN_OBJC_ROOT_CLASS = YES_ERROR;
				CLANG_WARN_UNREACHABLE_CODE = YES;
				CLANG_WARN__DUPLICATE_METHOD_MATCH = YES;
				CODE_SIGN_IDENTITY = "-";
				COPY_PHASE_STRIP = NO;
				DEBUG_INFORMATION_FORMAT = dwarf;
				ENABLE_STRICT_OBJC_MSGSEND = YES;
				GCC_C_LANGUAGE_STANDARD = gnu99;
				GCC_DYNAMIC_NO_PIC = NO;
				GCC_NO_COMMON_BLOCKS = YES;
				GCC_OPTIMIZATION_LEVEL = 0;
				GCC_PREPROCESSOR_DEFINITIONS = (
					"DEBUG=1",
					"$(inherited)",
				);
				GCC_SYMBOLS_PRIVATE_EXTERN = NO;
				GCC_WARN_64_TO_32_BIT_CONVERSION = YES;
				GCC_WARN_ABOUT_RETURN_TYPE = YES_ERROR;
				GCC_WARN_UNDECLARED_SELECTOR = YES;
				GCC_WARN_UNINITIALIZED_AUTOS = YES_AGGRESSIVE;
				GCC_WARN_UNUSED_FUNCTION = YES;
				GCC_WARN_UNUSED_VARIABLE = YES;
				MACOSX_DEPLOYMENT_TARGET = 10.10;
				MTL_ENABLE_DEBUG_INFO = YES;
				ONLY_ACTIVE_ARCH = YES;
				SDKROOT = macosx;
			};
			name = Debug;
		};
		2AE1CB091B0395EC0097DF99 /* Release */ = {
			isa = XCBuildConfiguration;
			buildSettings = {
				ALWAYS_SEARCH_USER_PATHS = NO;
				CLANG_CXX_LANGUAGE_STANDARD = "gnu++0x";
				CLANG_CXX_LIBRARY = "libc++";
				CLANG_ENABLE_MODULES = YES;
				CLANG_ENABLE_OBJC_ARC = YES;
				CLANG_WARN_BOOL_CONVERSION = YES;
				CLANG_WARN_CONSTANT_CONVERSION = YES;
				CLANG_WARN_DIRECT_OBJC_ISA_USAGE = YES_ERROR;
				CLANG_WARN_EMPTY_BODY = YES;
				CLANG_WARN_ENUM_CONVERSION = YES;
				CLANG_WARN_INT_CONVERSION = YES;
				CLANG_WARN_OBJC_ROOT_CLASS = YES_ERROR;
				CLANG_WARN_UNREACHABLE_CODE = YES;
				CLANG_WARN__DUPLICATE_METHOD_MATCH = YES;
				CODE_SIGN_IDENTITY = "-";
				COPY_PHASE_STRIP = NO;
				DEBUG_INFORMATION_FORMAT = "dwarf-with-dsym";
				ENABLE_NS_ASSERTIONS = NO;
				ENABLE_STRICT_OBJC_MSGSEND = YES;
				GCC_C_LANGUAGE_STANDARD = gnu99;
				GCC_NO_COMMON_BLOCKS = YES;
				GCC_WARN_64_TO_32_BIT_CONVERSION = YES;
				GCC_WARN_ABOUT_RETURN_TYPE = YES_ERROR;
				GCC_WARN_UNDECLARED_SELECTOR = YES;
				GCC_WARN_UNINITIALIZED_AUTOS = YES_AGGRESSIVE;
				GCC_WARN_UNUSED_FUNCTION = YES;
				GCC_WARN_UNUSED_VARIABLE = YES;
				MACOSX_DEPLOYMENT_TARGET = 10.10;
				MTL_ENABLE_DEBUG_INFO = NO;
				SDKROOT = macosx;
			};
			name = Release;
		};
		2AE1CB0B1B0395EC0097DF99 /* Debug */ = {
			isa = XCBuildConfiguration;
			buildSettings = {
				ASSETCATALOG_COMPILER_APPICON_NAME = AppIcon;
				COMBINE_HIDPI_IMAGES = YES;
				INFOPLIST_FILE = ToDoEr/Info.plist;
				LD_RUNPATH_SEARCH_PATHS = "$(inherited) @executable_path/../Frameworks";
				PRODUCT_NAME = "$(TARGET_NAME)";
			};
			name = Debug;
		};
		2AE1CB0C1B0395EC0097DF99 /* Release */ = {
			isa = XCBuildConfiguration;
			buildSettings = {
				ASSETCATALOG_COMPILER_APPICON_NAME = AppIcon;
				COMBINE_HIDPI_IMAGES = YES;
				INFOPLIST_FILE = ToDoEr/Info.plist;
				LD_RUNPATH_SEARCH_PATHS = "$(inherited) @executable_path/../Frameworks";
				PRODUCT_NAME = "$(TARGET_NAME)";
			};
			name = Release;
		};
		2AE1CB0E1B0395EC0097DF99 /* Debug */ = {
			isa = XCBuildConfiguration;
			buildSettings = {
				BUNDLE_LOADER = "$(TEST_HOST)";
				COMBINE_HIDPI_IMAGES = YES;
				FRAMEWORK_SEARCH_PATHS = (
					"$(DEVELOPER_FRAMEWORKS_DIR)",
					"$(inherited)",
				);
				GCC_PREPROCESSOR_DEFINITIONS = (
					"DEBUG=1",
					"$(inherited)",
				);
				INFOPLIST_FILE = ToDoErTests/Info.plist;
				LD_RUNPATH_SEARCH_PATHS = "$(inherited) @executable_path/../Frameworks @loader_path/../Frameworks";
				PRODUCT_NAME = "$(TARGET_NAME)";
				TEST_HOST = "$(BUILT_PRODUCTS_DIR)/ToDoEr.app/Contents/MacOS/ToDoEr";
			};
			name = Debug;
		};
		2AE1CB0F1B0395EC0097DF99 /* Release */ = {
			isa = XCBuildConfiguration;
			buildSettings = {
				BUNDLE_LOADER = "$(TEST_HOST)";
				COMBINE_HIDPI_IMAGES = YES;
				FRAMEWORK_SEARCH_PATHS = (
					"$(DEVELOPER_FRAMEWORKS_DIR)",
					"$(inherited)",
				);
				INFOPLIST_FILE = ToDoErTests/Info.plist;
				LD_RUNPATH_SEARCH_PATHS = "$(inherited) @executable_path/../Frameworks @loader_path/../Frameworks";
				PRODUCT_NAME = "$(TARGET_NAME)";
				TEST_HOST = "$(BUILT_PRODUCTS_DIR)/ToDoEr.app/Contents/MacOS/ToDoEr";
			};
			name = Release;
		};
/* End XCBuildConfiguration section */

/* Begin XCConfigurationList section */
		2AE1CAE21B0395EC0097DF99 /* Build configuration list for PBXProject "ToDoEr" */ = {
			isa = XCConfigurationList;
			buildConfigurations = (
				2AE1CB081B0395EC0097DF99 /* Debug */,
				2AE1CB091B0395EC0097DF99 /* Release */,
			);
			defaultConfigurationIsVisible = 0;
			defaultConfigurationName = Release;
		};
		2AE1CB0A1B0395EC0097DF99 /* Build configuration list for PBXNativeTarget "ToDoEr" */ = {
			isa = XCConfigurationList;
			buildConfigurations = (
				2AE1CB0B1B0395EC0097DF99 /* Debug */,
				2AE1CB0C1B0395EC0097DF99 /* Release */,
			);
			defaultConfigurationIsVisible = 0;
		};
		2AE1CB0D1B0395EC0097DF99 /* Build configuration list for PBXNativeTarget "ToDoErTests" */ = {
			isa = XCConfigurationList;
			buildConfigurations = (
				2AE1CB0E1B0395EC0097DF99 /* Debug */,
				2AE1CB0F1B0395EC0097DF99 /* Release */,
			);
			defaultConfigurationIsVisible = 0;
		};
/* End XCConfigurationList section */

/* Begin XCVersionGroup section */
		2AE1CAF41B0395EC0097DF99 /* ToDoEr.xcdatamodeld */ = {
			isa = XCVersionGroup;
			children = (
				2AE1CAF51B0395EC0097DF99 /* ToDoEr.xcdatamodel */,
			);
			currentVersion = 2AE1CAF51B0395EC0097DF99 /* ToDoEr.xcdatamodel */;
			path = ToDoEr.xcdatamodeld;
			sourceTree = "<group>";
			versionGroupType = wrapper.xcdatamodel;
		};
/* End XCVersionGroup section */
	};
	rootObject = 2AE1CADF1B0395EC0097DF99 /* Project object */;
}
